<Solution>
  <Folder Name="/docs/" />
  <Folder Name="/platform/" />
  <Folder Name="/platform/data/" />
  <Folder Name="/platform/data/postgres/">
    <File Path="platform/data/postgres/init-multiple-dbs.sh" />
  </Folder>
  <Folder Name="/platform/observability/" />
  <Folder Name="/platform/observability/grafana/" />
  <Folder Name="/platform/observability/grafana/provisioning/" />
  <Folder Name="/platform/observability/grafana/provisioning/dashboards/">
    <File Path="platform/observability/grafana/provisioning/dashboards/dashboard.yml" />
  </Folder>
  <Folder Name="/platform/observability/grafana/provisioning/dashboards/json/">
    <File Path="platform/observability/grafana/provisioning/dashboards/json/solidarityhub-overview.json" />
  </Folder>
  <Folder Name="/platform/observability/grafana/provisioning/datasources/">
    <File Path="platform/observability/grafana/provisioning/datasources/datasources.yml" />
  </Folder>
  <Folder Name="/platform/observability/prometheus/">
    <File Path="platform/observability/prometheus/prometheus.yml" />
  </Folder>
  <Folder Name="/Solution Items/">
    <File Path=".editorconfig" />
    <File Path=".gitattributes" />
    <File Path=".gitignore" />
    <File Path="Directory.Build.props" />
    <File Path="Directory.Packages.props" />
    <File Path="README.md" />
  </Folder>
  <Folder Name="/src/" />
  <Folder Name="/src/BuildingBlocks/">
    <Project Path="src/BuildingBlocks/EventBus/EventBus.csproj" />
    <Project Path="src/BuildingBlocks/EventBusRabbitMQ/EventBusRabbitMQ.csproj" />
    <Project Path="src/BuildingBlocks/Mediator/Mediator.csproj" />
    <Project Path="src/BuildingBlocks/ServiceDefaults/ServiceDefaults.csproj" />
    <Project Path="src/BuildingBlocks/SharedKernel/SharedKernel.csproj" />
  </Folder>
  <Folder Name="/src/Gateways/">
    <Project Path="src/Gateways/ApiGateway/ApiGateway.csproj" Id="e9ed2d2f-0b19-41aa-920e-bcd8917a0f97" />
  </Folder>
  <Folder Name="/src/Services/" />
  <Folder Name="/src/Services/Campaign/">
    <Project Path="src/Services/Campaign/Campaign.API/Campaign.API.csproj" Id="03ea6eb0-4b09-48d4-bcac-2ab5fdd12fc6" />
    <Project Path="src/Services/Campaign/Campaign.Domain/Campaign.Domain.csproj" Id="15474f67-4df9-45d6-a069-d8d5cf4654eb" />
    <Project Path="src/Services/Campaign/Campaign.Infrastructure/Campaign.Infrastructure.csproj" Id="2f9a21fb-874e-4927-a4ac-459837a1cbfd" />
  </Folder>
  <Folder Name="/src/Services/Identity/">
    <Project Path="src/Services/Identity/Identity.API/Identity.API.csproj" Id="7a60da18-0d8b-43ef-ba18-88b01353933b" />
    <Project Path="src/Services/Identity/Identity.Domain/Identity.Domain.csproj" Id="c5c1f4fd-e2cb-4c64-9f89-08838b12840c" />
    <Project Path="src/Services/Identity/Identity.Infrastructure/Identity.Infrastructure.csproj" Id="c193ceb9-f4ba-47c0-ba91-6345687dbbca" />
  </Folder>
  <Folder Name="/src/Workers/">
    <Project Path="src/Workers/DonationProcessor/DonationProcessor.csproj" Id="542c2cc5-e570-407d-b7ac-64e586d0eaba" />
  </Folder>
  <Folder Name="/tests/">
    <Project Path="tests/Campaign.UnitTests/Campaign.UnitTests.csproj" Id="38f9b0bf-b3c2-4b27-8f39-a781e42505c8" />
    <Project Path="tests/Identity.UnitTests/Identity.UnitTests.csproj" Id="3bad3aff-a13e-41d1-8319-6d193e96133b" />
  </Folder>
  <Project Path="docker-compose.dcproj">
    <Build />
  </Project>
</Solution>
